
Microsoft Visual Studio Solution File, Format Version 12.00
# Visual Studio Version 17
VisualStudioVersion = 17.14.36414.22
MinimumVisualStudioVersion = 10.0.40219.1
Project("{2150E333-8FDC-42A3-9474-1A3956D46DE8}") = "Task0", "Task0", "{02EA681E-C7D8-13C7-8484-4AC65E1B71E8}"
EndProject
Project("{FAE04EC0-301F-11D3-BF4B-00C04F79EFBC}") = "Tyuiu.SafronovVE.Sprint1.Task0.V19", "Tyuiu.SafronovVE.Sprint1.Task0.V19\Tyuiu.SafronovVE.Sprint1.Task0.V19.csproj", "{6DA7EDED-065A-4E8F-AE89-BE60B50E6AD3}"
EndProject
Project("{FAE04EC0-301F-11D3-BF4B-00C04F79EFBC}") = "Tyuiu.SafronovVE.Sprint1.Task0.V19.Test", "Tyuiu.SafronovVE.Sprint1.Task0.V19.Test\Tyuiu.SafronovVE.Sprint1.Task0.V19.Test.csproj", "{BC53D066-D810-4640-927D-2FC8F0363983}"
EndProject
Project("{FAE04EC0-301F-11D3-BF4B-00C04F79EFBC}") = "Tyuiu.SafronovVE.Sprint1.Task0.V19.Lib", "Tyuiu.SafronovVE.Sprint1.Task0.V19.Lib\Tyuiu.SafronovVE.Sprint1.Task0.V19.Lib.csproj", "{74EAF6F1-2F15-41F4-BF23-5B13A4592E3F}"
EndProject
Project("{2150E333-8FDC-42A3-9474-1A3956D46DE8}") = "Task1", "Task1", "{C416A3BD-B4DD-4157-B675-1E54FDECDA56}"
EndProject
Project("{FAE04EC0-301F-11D3-BF4B-00C04F79EFBC}") = "Tyuiu.SafronovVE.Sprint1.Task1.V29", "Tyuiu.SafronovVE.Sprint1.Task1.V29\Tyuiu.SafronovVE.Sprint1.Task1.V29.csproj", "{E6643C7C-8916-4DE9-A24D-DD6BAFB7A18E}"
EndProject
Project("{FAE04EC0-301F-11D3-BF4B-00C04F79EFBC}") = "Tyuiu.SafronovVE.Sprint1.Task1.V29.Lib", "Tyuiu.SafronovVE.Sprint1.Task1.V29.Lib\Tyuiu.SafronovVE.Sprint1.Task1.V29.Lib.csproj", "{D2A04F97-818A-45D2-8183-45D5FB7AE561}"
EndProject
Project("{FAE04EC0-301F-11D3-BF4B-00C04F79EFBC}") = "Tyuiu.SafronovVE.Sprint1.Task1.V29.Test", "Tyuiu.SafronovVE.Sprint1.Task1.V29.Test\Tyuiu.SafronovVE.Sprint1.Task1.V29.Test.csproj", "{15A60B78-D972-44FE-A4E2-24C32C0B4F30}"
EndProject
Project("{2150E333-8FDC-42A3-9474-1A3956D46DE8}") = "Task2", "Task2", "{0403F4B9-0694-4913-A5F7-93E6361222AA}"
EndProject
Project("{FAE04EC0-301F-11D3-BF4B-00C04F79EFBC}") = "Tyuiu.SafronovVE.Sprint1.Task2.V21", "Tyuiu.SafronovVE.Sprint1.Task2.V21\Tyuiu.SafronovVE.Sprint1.Task2.V21.csproj", "{13B6283A-016A-431B-9733-332963648214}"
EndProject
Project("{FAE04EC0-301F-11D3-BF4B-00C04F79EFBC}") = "Tyuiu.SafronovVE.Sprint1.Task2.V21.Test", "Tyuiu.SafronovVE.Sprint1.Task2.V21.Test\Tyuiu.SafronovVE.Sprint1.Task2.V21.Test.csproj", "{BBAD064B-1937-49DF-A221-92382B92D8EE}"
EndProject
Project("{FAE04EC0-301F-11D3-BF4B-00C04F79EFBC}") = "Tyuiu.SafronovVE.Sprint1.Task2.V21.Lib", "Tyuiu.SafronovVE.Sprint1.Task2.V21.Lib\Tyuiu.SafronovVE.Sprint1.Task2.V21.Lib.csproj", "{030BF60A-26DA-4021-9DC8-F0C7279F3FE1}"
EndProject
Project("{2150E333-8FDC-42A3-9474-1A3956D46DE8}") = "Task3", "Task3", "{DEFC4124-A346-425F-8AE7-4DADC7747D37}"
EndProject
Project("{FAE04EC0-301F-11D3-BF4B-00C04F79EFBC}") = "Tyuiu.SafronovVE.Sprint1.Task3.V3", "Tyuiu.SafronovVE.Sprint1.Task3.V3\Tyuiu.SafronovVE.Sprint1.Task3.V3.csproj", "{11BC016C-909A-4010-B4FF-5631A4C3A0D8}"
EndProject
Project("{FAE04EC0-301F-11D3-BF4B-00C04F79EFBC}") = "Tyuiu.SafronovVE.Sprint1.Task3.V3.Lib", "Tyuiu.SafronovVE.Sprint1.Task3.V3.Lib\Tyuiu.SafronovVE.Sprint1.Task3.V3.Lib.csproj", "{E5E3D039-AC18-482D-A04A-AAF2A3AA41B9}"
EndProject
Project("{FAE04EC0-301F-11D3-BF4B-00C04F79EFBC}") = "Tyuiu.SafronovVE.Sprint1.Task3.V3.Test", "Tyuiu.SafronovVE.Sprint1.Task3.V3.Test\Tyuiu.SafronovVE.Sprint1.Task3.V3.Test.csproj", "{27605F5E-DA6F-4C2F-9DDF-178D313A57D8}"
EndProject
Project("{2150E333-8FDC-42A3-9474-1A3956D46DE8}") = "Task4", "Task4", "{BA0BC572-08C0-449F-AA4A-2733F424F45F}"
EndProject
Project("{FAE04EC0-301F-11D3-BF4B-00C04F79EFBC}") = "Tyuiu.SafronovVE.Sprint1.Task4.V6", "Tyuiu.SafronovVE.Sprint1.Task4.V6\Tyuiu.SafronovVE.Sprint1.Task4.V6.csproj", "{D8177E0D-150D-4783-A1C3-E8FC2FA2151B}"
EndProject
Project("{FAE04EC0-301F-11D3-BF4B-00C04F79EFBC}") = "Tyuiu.SafronovVE.Sprint1.Task4.V6.Test", "Tyuiu.SafronovVE.Sprint1.Task4.V6.Test\Tyuiu.SafronovVE.Sprint1.Task4.V6.Test.csproj", "{F6A978DF-6523-4DBF-A287-3EDB3C3A56C8}"
EndProject
Project("{FAE04EC0-301F-11D3-BF4B-00C04F79EFBC}") = "Tyuiu.SafronovVE.Sprint1.Task4.V6.Lib", "Tyuiu.SafronovVE.Sprint1.Task4.V6.Lib\Tyuiu.SafronovVE.Sprint1.Task4.V6.Lib.csproj", "{954FAB40-F89D-4A90-8CAF-CBA247A7EF5B}"
EndProject
Global
	GlobalSection(SolutionConfigurationPlatforms) = preSolution
		Debug|Any CPU = Debug|Any CPU
		Release|Any CPU = Release|Any CPU
	EndGlobalSection
	GlobalSection(ProjectConfigurationPlatforms) = postSolution
		{6DA7EDED-065A-4E8F-AE89-BE60B50E6AD3}.Debug|Any CPU.ActiveCfg = Debug|Any CPU
		{6DA7EDED-065A-4E8F-AE89-BE60B50E6AD3}.Debug|Any CPU.Build.0 = Debug|Any CPU
		{6DA7EDED-065A-4E8F-AE89-BE60B50E6AD3}.Release|Any CPU.ActiveCfg = Release|Any CPU
		{6DA7EDED-065A-4E8F-AE89-BE60B50E6AD3}.Release|Any CPU.Build.0 = Release|Any CPU
		{BC53D066-D810-4640-927D-2FC8F0363983}.Debug|Any CPU.ActiveCfg = Debug|Any CPU
		{BC53D066-D810-4640-927D-2FC8F0363983}.Debug|Any CPU.Build.0 = Debug|Any CPU
		{BC53D066-D810-4640-927D-2FC8F0363983}.Release|Any CPU.ActiveCfg = Release|Any CPU
		{BC53D066-D810-4640-927D-2FC8F0363983}.Release|Any CPU.Build.0 = Release|Any CPU
		{74EAF6F1-2F15-41F4-BF23-5B13A4592E3F}.Debug|Any CPU.ActiveCfg = Debug|Any CPU
		{74EAF6F1-2F15-41F4-BF23-5B13A4592E3F}.Debug|Any CPU.Build.0 = Debug|Any CPU
		{74EAF6F1-2F15-41F4-BF23-5B13A4592E3F}.Release|Any CPU.ActiveCfg = Release|Any CPU
		{74EAF6F1-2F15-41F4-BF23-5B13A4592E3F}.Release|Any CPU.Build.0 = Release|Any CPU
		{E6643C7C-8916-4DE9-A24D-DD6BAFB7A18E}.Debug|Any CPU.ActiveCfg = Debug|Any CPU
		{E6643C7C-8916-4DE9-A24D-DD6BAFB7A18E}.Debug|Any CPU.Build.0 = Debug|Any CPU
		{E6643C7C-8916-4DE9-A24D-DD6BAFB7A18E}.Release|Any CPU.ActiveCfg = Release|Any CPU
		{E6643C7C-8916-4DE9-A24D-DD6BAFB7A18E}.Release|Any CPU.Build.0 = Release|Any CPU
		{D2A04F97-818A-45D2-8183-45D5FB7AE561}.Debug|Any CPU.ActiveCfg = Debug|Any CPU
		{D2A04F97-818A-45D2-8183-45D5FB7AE561}.Debug|Any CPU.Build.0 = Debug|Any CPU
		{D2A04F97-818A-45D2-8183-45D5FB7AE561}.Release|Any CPU.ActiveCfg = Release|Any CPU
		{D2A04F97-818A-45D2-8183-45D5FB7AE561}.Release|Any CPU.Build.0 = Release|Any CPU
		{15A60B78-D972-44FE-A4E2-24C32C0B4F30}.Debug|Any CPU.ActiveCfg = Debug|Any CPU
		{15A60B78-D972-44FE-A4E2-24C32C0B4F30}.Debug|Any CPU.Build.0 = Debug|Any CPU
		{15A60B78-D972-44FE-A4E2-24C32C0B4F30}.Release|Any CPU.ActiveCfg = Release|Any CPU
		{15A60B78-D972-44FE-A4E2-24C32C0B4F30}.Release|Any CPU.Build.0 = Release|Any CPU
		{13B6283A-016A-431B-9733-332963648214}.Debug|Any CPU.ActiveCfg = Debug|Any CPU
		{13B6283A-016A-431B-9733-332963648214}.Debug|Any CPU.Build.0 = Debug|Any CPU
		{13B6283A-016A-431B-9733-332963648214}.Release|Any CPU.ActiveCfg = Release|Any CPU
		{13B6283A-016A-431B-9733-332963648214}.Release|Any CPU.Build.0 = Release|Any CPU
		{BBAD064B-1937-49DF-A221-92382B92D8EE}.Debug|Any CPU.ActiveCfg = Debug|Any CPU
		{BBAD064B-1937-49DF-A221-92382B92D8EE}.Debug|Any CPU.Build.0 = Debug|Any CPU
		{BBAD064B-1937-49DF-A221-92382B92D8EE}.Release|Any CPU.ActiveCfg = Release|Any CPU
		{BBAD064B-1937-49DF-A221-92382B92D8EE}.Release|Any CPU.Build.0 = Release|Any CPU
		{030BF60A-26DA-4021-9DC8-F0C7279F3FE1}.Debug|Any CPU.ActiveCfg = Debug|Any CPU
		{030BF60A-26DA-4021-9DC8-F0C7279F3FE1}.Debug|Any CPU.Build.0 = Debug|Any CPU
		{030BF60A-26DA-4021-9DC8-F0C7279F3FE1}.Release|Any CPU.ActiveCfg = Release|Any CPU
		{030BF60A-26DA-4021-9DC8-F0C7279F3FE1}.Release|Any CPU.Build.0 = Release|Any CPU
		{11BC016C-909A-4010-B4FF-5631A4C3A0D8}.Debug|Any CPU.ActiveCfg = Debug|Any CPU
		{11BC016C-909A-4010-B4FF-5631A4C3A0D8}.Debug|Any CPU.Build.0 = Debug|Any CPU
		{11BC016C-909A-4010-B4FF-5631A4C3A0D8}.Release|Any CPU.ActiveCfg = Release|Any CPU
		{11BC016C-909A-4010-B4FF-5631A4C3A0D8}.Release|Any CPU.Build.0 = Release|Any CPU
		{E5E3D039-AC18-482D-A04A-AAF2A3AA41B9}.Debug|Any CPU.ActiveCfg = Debug|Any CPU
		{E5E3D039-AC18-482D-A04A-AAF2A3AA41B9}.Debug|Any CPU.Build.0 = Debug|Any CPU
		{E5E3D039-AC18-482D-A04A-AAF2A3AA41B9}.Release|Any CPU.ActiveCfg = Release|Any CPU
		{E5E3D039-AC18-482D-A04A-AAF2A3AA41B9}.Release|Any CPU.Build.0 = Release|Any CPU
		{27605F5E-DA6F-4C2F-9DDF-178D313A57D8}.Debug|Any CPU.ActiveCfg = Debug|Any CPU
		{27605F5E-DA6F-4C2F-9DDF-178D313A57D8}.Debug|Any CPU.Build.0 = Debug|Any CPU
		{27605F5E-DA6F-4C2F-9DDF-178D313A57D8}.Release|Any CPU.ActiveCfg = Release|Any CPU
		{27605F5E-DA6F-4C2F-9DDF-178D313A57D8}.Release|Any CPU.Build.0 = Release|Any CPU
		{D8177E0D-150D-4783-A1C3-E8FC2FA2151B}.Debug|Any CPU.ActiveCfg = Debug|Any CPU
		{D8177E0D-150D-4783-A1C3-E8FC2FA2151B}.Debug|Any CPU.Build.0 = Debug|Any CPU
		{D8177E0D-150D-4783-A1C3-E8FC2FA2151B}.Release|Any CPU.ActiveCfg = Release|Any CPU
		{D8177E0D-150D-4783-A1C3-E8FC2FA2151B}.Release|Any CPU.Build.0 = Release|Any CPU
		{F6A978DF-6523-4DBF-A287-3EDB3C3A56C8}.Debug|Any CPU.ActiveCfg = Debug|Any CPU
		{F6A978DF-6523-4DBF-A287-3EDB3C3A56C8}.Debug|Any CPU.Build.0 = Debug|Any CPU
		{F6A978DF-6523-4DBF-A287-3EDB3C3A56C8}.Release|Any CPU.ActiveCfg = Release|Any CPU
		{F6A978DF-6523-4DBF-A287-3EDB3C3A56C8}.Release|Any CPU.Build.0 = Release|Any CPU
		{954FAB40-F89D-4A90-8CAF-CBA247A7EF5B}.Debug|Any CPU.ActiveCfg = Debug|Any CPU
		{954FAB40-F89D-4A90-8CAF-CBA247A7EF5B}.Debug|Any CPU.Build.0 = Debug|Any CPU
		{954FAB40-F89D-4A90-8CAF-CBA247A7EF5B}.Release|Any CPU.ActiveCfg = Release|Any CPU
		{954FAB40-F89D-4A90-8CAF-CBA247A7EF5B}.Release|Any CPU.Build.0 = Release|Any CPU
	EndGlobalSection
	GlobalSection(SolutionProperties) = preSolution
		HideSolutionNode = FALSE
	EndGlobalSection
	GlobalSection(NestedProjects) = preSolution
		{6DA7EDED-065A-4E8F-AE89-BE60B50E6AD3} = {02EA681E-C7D8-13C7-8484-4AC65E1B71E8}
		{BC53D066-D810-4640-927D-2FC8F0363983} = {02EA681E-C7D8-13C7-8484-4AC65E1B71E8}
		{74EAF6F1-2F15-41F4-BF23-5B13A4592E3F} = {02EA681E-C7D8-13C7-8484-4AC65E1B71E8}
		{E6643C7C-8916-4DE9-A24D-DD6BAFB7A18E} = {C416A3BD-B4DD-4157-B675-1E54FDECDA56}
		{D2A04F97-818A-45D2-8183-45D5FB7AE561} = {C416A3BD-B4DD-4157-B675-1E54FDECDA56}
		{15A60B78-D972-44FE-A4E2-24C32C0B4F30} = {C416A3BD-B4DD-4157-B675-1E54FDECDA56}
		{13B6283A-016A-431B-9733-332963648214} = {0403F4B9-0694-4913-A5F7-93E6361222AA}
		{BBAD064B-1937-49DF-A221-92382B92D8EE} = {0403F4B9-0694-4913-A5F7-93E6361222AA}
		{030BF60A-26DA-4021-9DC8-F0C7279F3FE1} = {0403F4B9-0694-4913-A5F7-93E6361222AA}
		{11BC016C-909A-4010-B4FF-5631A4C3A0D8} = {DEFC4124-A346-425F-8AE7-4DADC7747D37}
		{E5E3D039-AC18-482D-A04A-AAF2A3AA41B9} = {DEFC4124-A346-425F-8AE7-4DADC7747D37}
		{27605F5E-DA6F-4C2F-9DDF-178D313A57D8} = {DEFC4124-A346-425F-8AE7-4DADC7747D37}
		{D8177E0D-150D-4783-A1C3-E8FC2FA2151B} = {BA0BC572-08C0-449F-AA4A-2733F424F45F}
		{F6A978DF-6523-4DBF-A287-3EDB3C3A56C8} = {BA0BC572-08C0-449F-AA4A-2733F424F45F}
		{954FAB40-F89D-4A90-8CAF-CBA247A7EF5B} = {BA0BC572-08C0-449F-AA4A-2733F424F45F}
	EndGlobalSection
	GlobalSection(ExtensibilityGlobals) = postSolution
		SolutionGuid = {68FC20E0-F9C0-44A6-ABD5-960B02C5FCA6}
	EndGlobalSection
EndGlobal
